// !$*UTF8*$!
{
	archiveVersion = 1;
	classes = {
	};
	objectVersion = 56;
	objects = {

/* Begin PBXBuildFile section */
		4C44C32D29BC98C400001678 /* learningApp.swift in Sources */ = {isa = PBXBuildFile; fileRef = 4C44C32C29BC98C400001678 /* learningApp.swift */; };
		4C44C32F29BC98C400001678 /* HomeView.swift in Sources */ = {isa = PBXBuildFile; fileRef = 4C44C32E29BC98C400001678 /* HomeView.swift */; };
		4C44C33129BC98C500001678 /* Assets.xcassets in Resources */ = {isa = PBXBuildFile; fileRef = 4C44C33029BC98C500001678 /* Assets.xcassets */; };
		4C44C33429BC98C500001678 /* Preview Assets.xcassets in Resources */ = {isa = PBXBuildFile; fileRef = 4C44C33329BC98C500001678 /* Preview Assets.xcassets */; };
		4C44C34129BC99BC00001678 /* ContentModel.swift in Sources */ = {isa = PBXBuildFile; fileRef = 4C44C34029BC99BC00001678 /* ContentModel.swift */; };
		4CB165C429BC9C5600C38B4B /* style.html in Resources */ = {isa = PBXBuildFile; fileRef = 4CB165C229BC9C5500C38B4B /* style.html */; };
		4CB165C529BC9C5600C38B4B /* data.json in Resources */ = {isa = PBXBuildFile; fileRef = 4CB165C329BC9C5600C38B4B /* data.json */; };
		4CB165C729BC9E3B00C38B4B /* Models.swift in Sources */ = {isa = PBXBuildFile; fileRef = 4CB165C629BC9E3B00C38B4B /* Models.swift */; };
		4CDE3D9D29BFD92400CD38D3 /* HomeViewRow.swift in Sources */ = {isa = PBXBuildFile; fileRef = 4CDE3D9C29BFD92400CD38D3 /* HomeViewRow.swift */; };
		4CDE3D9F29C277DA00CD38D3 /* ContentView.swift in Sources */ = {isa = PBXBuildFile; fileRef = 4CDE3D9E29C277DA00CD38D3 /* ContentView.swift */; };
		4CDE3DA129C2931B00CD38D3 /* ContentViewRow.swift in Sources */ = {isa = PBXBuildFile; fileRef = 4CDE3DA029C2931B00CD38D3 /* ContentViewRow.swift */; };
		4CDE3DA329C3D0A900CD38D3 /* ContentDetailView.swift in Sources */ = {isa = PBXBuildFile; fileRef = 4CDE3DA229C3D0A900CD38D3 /* ContentDetailView.swift */; };
		4CDE3DA629C3E04E00CD38D3 /* AVKit.framework in Frameworks */ = {isa = PBXBuildFile; fileRef = 4CDE3DA529C3E04E00CD38D3 /* AVKit.framework */; };
		4CDE3DA829C3E15300CD38D3 /* Constants.swift in Sources */ = {isa = PBXBuildFile; fileRef = 4CDE3DA729C3E15300CD38D3 /* Constants.swift */; };
		4CDE3DC929C51E6100CD38D3 /* UIKit.framework in Frameworks */ = {isa = PBXBuildFile; fileRef = 4CDE3DC829C51E6000CD38D3 /* UIKit.framework */; };
		4CDE3DCB29C51F3300CD38D3 /* CodeTextView.swift in Sources */ = {isa = PBXBuildFile; fileRef = 4CDE3DCA29C51F3300CD38D3 /* CodeTextView.swift */; };
		4CDE3DEE29C7896A00CD38D3 /* RectangleCard.swift in Sources */ = {isa = PBXBuildFile; fileRef = 4CDE3DED29C7896A00CD38D3 /* RectangleCard.swift */; };
		4CDE3E0E29C797E700CD38D3 /* TestView.swift in Sources */ = {isa = PBXBuildFile; fileRef = 4CDE3E0D29C797E700CD38D3 /* TestView.swift */; };
		4CDE3E1029C9BF4600CD38D3 /* TestResultView.swift in Sources */ = {isa = PBXBuildFile; fileRef = 4CDE3E0F29C9BF4600CD38D3 /* TestResultView.swift */; };
/* End PBXBuildFile section */

/* Begin PBXFileReference section */
		4C44C32929BC98C400001678 /* learningApp.app */ = {isa = PBXFileReference; explicitFileType = wrapper.application; includeInIndex = 0; path = learningApp.app; sourceTree = BUILT_PRODUCTS_DIR; };
		4C44C32C29BC98C400001678 /* learningApp.swift */ = {isa = PBXFileReference; lastKnownFileType = sourcecode.swift; path = learningApp.swift; sourceTree = "<group>"; };
		4C44C32E29BC98C400001678 /* HomeView.swift */ = {isa = PBXFileReference; lastKnownFileType = sourcecode.swift; path = HomeView.swift; sourceTree = "<group>"; };
		4C44C33029BC98C500001678 /* Assets.xcassets */ = {isa = PBXFileReference; lastKnownFileType = folder.assetcatalog; path = Assets.xcassets; sourceTree = "<group>"; };
		4C44C33329BC98C500001678 /* Preview Assets.xcassets */ = {isa = PBXFileReference; lastKnownFileType = folder.assetcatalog; path = "Preview Assets.xcassets"; sourceTree = "<group>"; };
		4C44C34029BC99BC00001678 /* ContentModel.swift */ = {isa = PBXFileReference; lastKnownFileType = sourcecode.swift; path = ContentModel.swift; sourceTree = "<group>"; };
		4CB165C229BC9C5500C38B4B /* style.html */ = {isa = PBXFileReference; fileEncoding = 4; lastKnownFileType = text.html; path = style.html; sourceTree = "<group>"; };
		4CB165C329BC9C5600C38B4B /* data.json */ = {isa = PBXFileReference; fileEncoding = 4; lastKnownFileType = text.json; path = data.json; sourceTree = "<group>"; };
		4CB165C629BC9E3B00C38B4B /* Models.swift */ = {isa = PBXFileReference; lastKnownFileType = sourcecode.swift; path = Models.swift; sourceTree = "<group>"; };
		4CDE3D9C29BFD92400CD38D3 /* HomeViewRow.swift */ = {isa = PBXFileReference; lastKnownFileType = sourcecode.swift; path = HomeViewRow.swift; sourceTree = "<group>"; };
		4CDE3D9E29C277DA00CD38D3 /* ContentView.swift */ = {isa = PBXFileReference; lastKnownFileType = sourcecode.swift; path = ContentView.swift; sourceTree = "<group>"; };
		4CDE3DA029C2931B00CD38D3 /* ContentViewRow.swift */ = {isa = PBXFileReference; lastKnownFileType = sourcecode.swift; path = ContentViewRow.swift; sourceTree = "<group>"; };
		4CDE3DA229C3D0A900CD38D3 /* ContentDetailView.swift */ = {isa = PBXFileReference; lastKnownFileType = sourcecode.swift; path = ContentDetailView.swift; sourceTree = "<group>"; };
		4CDE3DA529C3E04E00CD38D3 /* AVKit.framework */ = {isa = PBXFileReference; lastKnownFileType = wrapper.framework; name = AVKit.framework; path = System/Library/Frameworks/AVKit.framework; sourceTree = SDKROOT; };
		4CDE3DA729C3E15300CD38D3 /* Constants.swift */ = {isa = PBXFileReference; lastKnownFileType = sourcecode.swift; path = Constants.swift; sourceTree = "<group>"; };
		4CDE3DC829C51E6000CD38D3 /* UIKit.framework */ = {isa = PBXFileReference; lastKnownFileType = wrapper.framework; name = UIKit.framework; path = System/Library/Frameworks/UIKit.framework; sourceTree = SDKROOT; };
		4CDE3DCA29C51F3300CD38D3 /* CodeTextView.swift */ = {isa = PBXFileReference; lastKnownFileType = sourcecode.swift; path = CodeTextView.swift; sourceTree = "<group>"; };
		4CDE3DED29C7896A00CD38D3 /* RectangleCard.swift */ = {isa = PBXFileReference; lastKnownFileType = sourcecode.swift; path = RectangleCard.swift; sourceTree = "<group>"; };
		4CDE3E0D29C797E700CD38D3 /* TestView.swift */ = {isa = PBXFileReference; lastKnownFileType = sourcecode.swift; path = TestView.swift; sourceTree = "<group>"; };
		4CDE3E0F29C9BF4600CD38D3 /* TestResultView.swift */ = {isa = PBXFileReference; lastKnownFileType = sourcecode.swift; path = TestResultView.swift; sourceTree = "<group>"; };
/* End PBXFileReference section */

/* Begin PBXFrameworksBuildPhase section */
		4C44C32629BC98C400001678 /* Frameworks */ = {
			isa = PBXFrameworksBuildPhase;
			buildActionMask = 2147483647;
			files = (
				4CDE3DA629C3E04E00CD38D3 /* AVKit.framework in Frameworks */,
				4CDE3DC929C51E6100CD38D3 /* UIKit.framework in Frameworks */,
			);
			runOnlyForDeploymentPostprocessing = 0;
		};
/* End PBXFrameworksBuildPhase section */

/* Begin PBXGroup section */
		4C44C32029BC98C300001678 = {
			isa = PBXGroup;
			children = (
				4C44C32B29BC98C400001678 /* learningApp */,
				4C44C32A29BC98C400001678 /* Products */,
				4CDE3DA429C3E04D00CD38D3 /* Frameworks */,
			);
			sourceTree = "<group>";
		};
		4C44C32A29BC98C400001678 /* Products */ = {
			isa = PBXGroup;
			children = (
				4C44C32929BC98C400001678 /* learningApp.app */,
			);
			name = Products;
			sourceTree = "<group>";
		};
		4C44C32B29BC98C400001678 /* learningApp */ = {
			isa = PBXGroup;
			children = (
				4C44C32C29BC98C400001678 /* learningApp.swift */,
				4C44C33F29BC997E00001678 /* Resources */,
				4C44C33C29BC995F00001678 /* Helpers */,
				4C44C33E29BC997500001678 /* Models */,
				4C44C33B29BC995400001678 /* ViewModels */,
				4C44C33A29BC994D00001678 /* Views */,
				4C44C33029BC98C500001678 /* Assets.xcassets */,
				4C44C33229BC98C500001678 /* Preview Content */,
			);
			path = learningApp;
			sourceTree = "<group>";
		};
		4C44C33229BC98C500001678 /* Preview Content */ = {
			isa = PBXGroup;
			children = (
				4C44C33329BC98C500001678 /* Preview Assets.xcassets */,
			);
			path = "Preview Content";
			sourceTree = "<group>";
		};
		4C44C33A29BC994D00001678 /* Views */ = {
			isa = PBXGroup;
			children = (
				4C44C32E29BC98C400001678 /* HomeView.swift */,
				4CDE3D9C29BFD92400CD38D3 /* HomeViewRow.swift */,
				4CDE3D9E29C277DA00CD38D3 /* ContentView.swift */,
				4CDE3DA029C2931B00CD38D3 /* ContentViewRow.swift */,
				4CDE3DA229C3D0A900CD38D3 /* ContentDetailView.swift */,
				4CDE3DCA29C51F3300CD38D3 /* CodeTextView.swift */,
				4CDE3DED29C7896A00CD38D3 /* RectangleCard.swift */,
				4CDE3E0D29C797E700CD38D3 /* TestView.swift */,
				4CDE3E0F29C9BF4600CD38D3 /* TestResultView.swift */,
			);
			path = Views;
			sourceTree = "<group>";
		};
		4C44C33B29BC995400001678 /* ViewModels */ = {
			isa = PBXGroup;
			children = (
				4C44C34029BC99BC00001678 /* ContentModel.swift */,
			);
			path = ViewModels;
			sourceTree = "<group>";
		};
		4C44C33C29BC995F00001678 /* Helpers */ = {
			isa = PBXGroup;
			children = (
			);
			path = Helpers;
			sourceTree = "<group>";
		};
		4C44C33E29BC997500001678 /* Models */ = {
			isa = PBXGroup;
			children = (
				4CB165C629BC9E3B00C38B4B /* Models.swift */,
			);
			path = Models;
			sourceTree = "<group>";
		};
		4C44C33F29BC997E00001678 /* Resources */ = {
			isa = PBXGroup;
			children = (
				4CB165C329BC9C5600C38B4B /* data.json */,
				4CB165C229BC9C5500C38B4B /* style.html */,
				4CDE3DA729C3E15300CD38D3 /* Constants.swift */,
			);
			path = Resources;
			sourceTree = "<group>";
		};
		4CDE3DA429C3E04D00CD38D3 /* Frameworks */ = {
			isa = PBXGroup;
			children = (
				4CDE3DC829C51E6000CD38D3 /* UIKit.framework */,
				4CDE3DA529C3E04E00CD38D3 /* AVKit.framework */,
			);
			name = Frameworks;
			sourceTree = "<group>";
		};
/* End PBXGroup section */

/* Begin PBXNativeTarget section */
		4C44C32829BC98C400001678 /* learningApp */ = {
			isa = PBXNativeTarget;
			buildConfigurationList = 4C44C33729BC98C500001678 /* Build configuration list for PBXNativeTarget "learningApp" */;
			buildPhases = (
				4C44C32529BC98C400001678 /* Sources */,
				4C44C32629BC98C400001678 /* Frameworks */,
				4C44C32729BC98C400001678 /* Resources */,
			);
			buildRules = (
			);
			dependencies = (
			);
			name = learningApp;
			productName = learningApp;
			productReference = 4C44C32929BC98C400001678 /* learningApp.app */;
			productType = "com.apple.product-type.application";
		};
/* End PBXNativeTarget section */

/* Begin PBXProject section */
		4C44C32129BC98C300001678 /* Project object */ = {
			isa = PBXProject;
			attributes = {
				BuildIndependentTargetsInParallel = 1;
				LastSwiftUpdateCheck = 1420;
				LastUpgradeCheck = 1420;
				TargetAttributes = {
					4C44C32829BC98C400001678 = {
						CreatedOnToolsVersion = 14.2;
					};
				};
			};
			buildConfigurationList = 4C44C32429BC98C300001678 /* Build configuration list for PBXProject "learningApp" */;
			compatibilityVersion = "Xcode 14.0";
			developmentRegion = en;
			hasScannedForEncodings = 0;
			knownRegions = (
				en,
				Base,
			);
			mainGroup = 4C44C32029BC98C300001678;
			productRefGroup = 4C44C32A29BC98C400001678 /* Products */;
			projectDirPath = "";
			projectRoot = "";
			targets = (
				4C44C32829BC98C400001678 /* learningApp */,
			);
		};
/* End PBXProject section */

/* Begin PBXResourcesBuildPhase section */
		4C44C32729BC98C400001678 /* Resources */ = {
			isa = PBXResourcesBuildPhase;
			buildActionMask = 2147483647;
			files = (
				4CB165C429BC9C5600C38B4B /* style.html in Resources */,
				4C44C33429BC98C500001678 /* Preview Assets.xcassets in Resources */,
				4C44C33129BC98C500001678 /* Assets.xcassets in Resources */,
				4CB165C529BC9C5600C38B4B /* data.json in Resources */,
			);
			runOnlyForDeploymentPostprocessing = 0;
		};
/* End PBXResourcesBuildPhase section */

/* Begin PBXSourcesBuildPhase section */
		4C44C32529BC98C400001678 /* Sources */ = {
			isa = PBXSourcesBuildPhase;
			buildActionMask = 2147483647;
			files = (
				4CDE3E0E29C797E700CD38D3 /* TestView.swift in Sources */,
				4CDE3E1029C9BF4600CD38D3 /* TestResultView.swift in Sources */,
				4C44C32F29BC98C400001678 /* HomeView.swift in Sources */,
				4CDE3D9D29BFD92400CD38D3 /* HomeViewRow.swift in Sources */,
				4CDE3D9F29C277DA00CD38D3 /* ContentView.swift in Sources */,
				4CDE3DA329C3D0A900CD38D3 /* ContentDetailView.swift in Sources */,
				4C44C32D29BC98C400001678 /* learningApp.swift in Sources */,
				4CDE3DA129C2931B00CD38D3 /* ContentViewRow.swift in Sources */,
				4CDE3DCB29C51F3300CD38D3 /* CodeTextView.swift in Sources */,
				4C44C34129BC99BC00001678 /* ContentModel.swift in Sources */,
				4CB165C729BC9E3B00C38B4B /* Models.swift in Sources */,
				4CDE3DEE29C7896A00CD38D3 /* RectangleCard.swift in Sources */,
				4CDE3DA829C3E15300CD38D3 /* Constants.swift in Sources */,
			);
			runOnlyForDeploymentPostprocessing = 0;
		};
/* End PBXSourcesBuildPhase section */

/* Begin XCBuildConfiguration section */
		4C44C33529BC98C500001678 /* Debug */ = {
			isa = XCBuildConfiguration;
			buildSettings = {
				ALWAYS_SEARCH_USER_PATHS = NO;
				CLANG_ANALYZER_NONNULL = YES;
				CLANG_ANALYZER_NUMBER_OBJECT_CONVERSION = YES_AGGRESSIVE;
				CLANG_CXX_LANGUAGE_STANDARD = "gnu++20";
				CLANG_ENABLE_MODULES = YES;
				CLANG_ENABLE_OBJC_ARC = YES;
				CLANG_ENABLE_OBJC_WEAK = YES;
				CLANG_WARN_BLOCK_CAPTURE_AUTORELEASING = YES;
				CLANG_WARN_BOOL_CONVERSION = YES;
				CLANG_WARN_COMMA = YES;
				CLANG_WARN_CONSTANT_CONVERSION = YES;
				CLANG_WARN_DEPRECATED_OBJC_IMPLEMENTATIONS = YES;
				CLANG_WARN_DIRECT_OBJC_ISA_USAGE = YES_ERROR;
				CLANG_WARN_DOCUMENTATION_COMMENTS = YES;
				CLANG_WARN_EMPTY_BODY = YES;
				CLANG_WARN_ENUM_CONVERSION = YES;
				CLANG_WARN_INFINITE_RECURSION = YES;
				CLANG_WARN_INT_CONVERSION = YES;
				CLANG_WARN_NON_LITERAL_NULL_CONVERSION = YES;
				CLANG_WARN_OBJC_IMPLICIT_RETAIN_SELF = YES;
				CLANG_WARN_OBJC_LITERAL_CONVERSION = YES;
				CLANG_WARN_OBJC_ROOT_CLASS = YES_ERROR;
				CLANG_WARN_QUOTED_INCLUDE_IN_FRAMEWORK_HEADER = YES;
				CLANG_WARN_RANGE_LOOP_ANALYSIS = YES;
				CLANG_WARN_STRICT_PROTOTYPES = YES;
				CLANG_WARN_SUSPICIOUS_MOVE = YES;
				CLANG_WARN_UNGUARDED_AVAILABILITY = YES_AGGRESSIVE;
				CLANG_WARN_UNREACHABLE_CODE = YES;
				CLANG_WARN__DUPLICATE_METHOD_MATCH = YES;
				COPY_PHASE_STRIP = NO;
				DEBUG_INFORMATION_FORMAT = dwarf;
				ENABLE_STRICT_OBJC_MSGSEND = YES;
				ENABLE_TESTABILITY = YES;
				GCC_C_LANGUAGE_STANDARD = gnu11;
				GCC_DYNAMIC_NO_PIC = NO;
				GCC_NO_COMMON_BLOCKS = YES;
				GCC_OPTIMIZATION_LEVEL = 0;
				GCC_PREPROCESSOR_DEFINITIONS = (
					"DEBUG=1",
					"$(inherited)",
				);
				GCC_WARN_64_TO_32_BIT_CONVERSION = YES;
				GCC_WARN_ABOUT_RETURN_TYPE = YES_ERROR;
				GCC_WARN_UNDECLARED_SELECTOR = YES;
				GCC_WARN_UNINITIALIZED_AUTOS = YES_AGGRESSIVE;
				GCC_WARN_UNUSED_FUNCTION = YES;
				GCC_WARN_UNUSED_VARIABLE = YES;
				IPHONEOS_DEPLOYMENT_TARGET = 16.2;
				MTL_ENABLE_DEBUG_INFO = INCLUDE_SOURCE;
				MTL_FAST_MATH = YES;
				ONLY_ACTIVE_ARCH = YES;
				SDKROOT = iphoneos;
				SWIFT_ACTIVE_COMPILATION_CONDITIONS = DEBUG;
				SWIFT_OPTIMIZATION_LEVEL = "-Onone";
			};
			name = Debug;
		};
		4C44C33629BC98C500001678 /* Release */ = {
			isa = XCBuildConfiguration;
			buildSettings = {
				ALWAYS_SEARCH_USER_PATHS = NO;
				CLANG_ANALYZER_NONNULL = YES;
				CLANG_ANALYZER_NUMBER_OBJECT_CONVERSION = YES_AGGRESSIVE;
				CLANG_CXX_LANGUAGE_STANDARD = "gnu++20";
				CLANG_ENABLE_MODULES = YES;
				CLANG_ENABLE_OBJC_ARC = YES;
				CLANG_ENABLE_OBJC_WEAK = YES;
				CLANG_WARN_BLOCK_CAPTURE_AUTORELEASING = YES;
				CLANG_WARN_BOOL_CONVERSION = YES;
				CLANG_WARN_COMMA = YES;
				CLANG_WARN_CONSTANT_CONVERSION = YES;
				CLANG_WARN_DEPRECATED_OBJC_IMPLEMENTATIONS = YES;
				CLANG_WARN_DIRECT_OBJC_ISA_USAGE = YES_ERROR;
				CLANG_WARN_DOCUMENTATION_COMMENTS = YES;
				CLANG_WARN_EMPTY_BODY = YES;
				CLANG_WARN_ENUM_CONVERSION = YES;
				CLANG_WARN_INFINITE_RECURSION = YES;
				CLANG_WARN_INT_CONVERSION = YES;
				CLANG_WARN_NON_LITERAL_NULL_CONVERSION = YES;
				CLANG_WARN_OBJC_IMPLICIT_RETAIN_SELF = YES;
				CLANG_WARN_OBJC_LITERAL_CONVERSION = YES;
				CLANG_WARN_OBJC_ROOT_CLASS = YES_ERROR;
				CLANG_WARN_QUOTED_INCLUDE_IN_FRAMEWORK_HEADER = YES;
				CLANG_WARN_RANGE_LOOP_ANALYSIS = YES;
				CLANG_WARN_STRICT_PROTOTYPES = YES;
				CLANG_WARN_SUSPICIOUS_MOVE = YES;
				CLANG_WARN_UNGUARDED_AVAILABILITY = YES_AGGRESSIVE;
				CLANG_WARN_UNREACHABLE_CODE = YES;
				CLANG_WARN__DUPLICATE_METHOD_MATCH = YES;
				COPY_PHASE_STRIP = NO;
				DEBUG_INFORMATION_FORMAT = "dwarf-with-dsym";
				ENABLE_NS_ASSERTIONS = NO;
				ENABLE_STRICT_OBJC_MSGSEND = YES;
				GCC_C_LANGUAGE_STANDARD = gnu11;
				GCC_NO_COMMON_BLOCKS = YES;
				GCC_WARN_64_TO_32_BIT_CONVERSION = YES;
				GCC_WARN_ABOUT_RETURN_TYPE = YES_ERROR;
				GCC_WARN_UNDECLARED_SELECTOR = YES;
				GCC_WARN_UNINITIALIZED_AUTOS = YES_AGGRESSIVE;
				GCC_WARN_UNUSED_FUNCTION = YES;
				GCC_WARN_UNUSED_VARIABLE = YES;
				IPHONEOS_DEPLOYMENT_TARGET = 16.2;
				MTL_ENABLE_DEBUG_INFO = NO;
				MTL_FAST_MATH = YES;
				SDKROOT = iphoneos;
				SWIFT_COMPILATION_MODE = wholemodule;
				SWIFT_OPTIMIZATION_LEVEL = "-O";
				VALIDATE_PRODUCT = YES;
			};
			name = Release;
		};
		4C44C33829BC98C500001678 /* Debug */ = {
			isa = XCBuildConfiguration;
			buildSettings = {
				ASSETCATALOG_COMPILER_APPICON_NAME = AppIcon;
				ASSETCATALOG_COMPILER_GLOBAL_ACCENT_COLOR_NAME = AccentColor;
				CODE_SIGN_STYLE = Automatic;
				CURRENT_PROJECT_VERSION = 1;
				DEVELOPMENT_ASSET_PATHS = "\"learningApp/Preview Content\"";
				ENABLE_PREVIEWS = YES;
				GENERATE_INFOPLIST_FILE = YES;
				INFOPLIST_KEY_UIApplicationSceneManifest_Generation = YES;
				INFOPLIST_KEY_UIApplicationSupportsIndirectInputEvents = YES;
				INFOPLIST_KEY_UILaunchScreen_Generation = YES;
				INFOPLIST_KEY_UISupportedInterfaceOrientations_iPad = "UIInterfaceOrientationPortrait UIInterfaceOrientationPortraitUpsideDown UIInterfaceOrientationLandscapeLeft UIInterfaceOrientationLandscapeRight";
				INFOPLIST_KEY_UISupportedInterfaceOrientations_iPhone = "UIInterfaceOrientationPortrait UIInterfaceOrientationLandscapeLeft UIInterfaceOrientationLandscapeRight";
				LD_RUNPATH_SEARCH_PATHS = (
					"$(inherited)",
					"@executable_path/Frameworks",
				);
				MARKETING_VERSION = 1.0;
				PRODUCT_BUNDLE_IDENTIFIER = uitest.learningApp;
				PRODUCT_NAME = "$(TARGET_NAME)";
				SWIFT_EMIT_LOC_STRINGS = YES;
				SWIFT_VERSION = 5.0;
				TARGETED_DEVICE_FAMILY = "1,2";
			};
			name = Debug;
		};
		4C44C33929BC98C500001678 /* Release */ = {
			isa = XCBuildConfiguration;
			buildSettings = {
				ASSETCATALOG_COMPILER_APPICON_NAME = AppIcon;
				ASSETCATALOG_COMPILER_GLOBAL_ACCENT_COLOR_NAME = AccentColor;
				CODE_SIGN_STYLE = Automatic;
				CURRENT_PROJECT_VERSION = 1;
				DEVELOPMENT_ASSET_PATHS = "\"learningApp/Preview Content\"";
				ENABLE_PREVIEWS = YES;
				GENERATE_INFOPLIST_FILE = YES;
				INFOPLIST_KEY_UIApplicationSceneManifest_Generation = YES;
				INFOPLIST_KEY_UIApplicationSupportsIndirectInputEvents = YES;
				INFOPLIST_KEY_UILaunchScreen_Generation = YES;
				INFOPLIST_KEY_UISupportedInterfaceOrientations_iPad = "UIInterfaceOrientationPortrait UIInterfaceOrientationPortraitUpsideDown UIInterfaceOrientationLandscapeLeft UIInterfaceOrientationLandscapeRight";
				INFOPLIST_KEY_UISupportedInterfaceOrientations_iPhone = "UIInterfaceOrientationPortrait UIInterfaceOrientationLandscapeLeft UIInterfaceOrientationLandscapeRight";
				LD_RUNPATH_SEARCH_PATHS = (
					"$(inherited)",
					"@executable_path/Frameworks",
				);
				MARKETING_VERSION = 1.0;
				PRODUCT_BUNDLE_IDENTIFIER = uitest.learningApp;
				PRODUCT_NAME = "$(TARGET_NAME)";
				SWIFT_EMIT_LOC_STRINGS = YES;
				SWIFT_VERSION = 5.0;
				TARGETED_DEVICE_FAMILY = "1,2";
			};
			name = Release;
		};
/* End XCBuildConfiguration section */

/* Begin XCConfigurationList section */
		4C44C32429BC98C300001678 /* Build configuration list for PBXProject "learningApp" */ = {
			isa = XCConfigurationList;
			buildConfigurations = (
				4C44C33529BC98C500001678 /* Debug */,
				4C44C33629BC98C500001678 /* Release */,
			);
			defaultConfigurationIsVisible = 0;
			defaultConfigurationName = Release;
		};
		4C44C33729BC98C500001678 /* Build configuration list for PBXNativeTarget "learningApp" */ = {
			isa = XCConfigurationList;
			buildConfigurations = (
				4C44C33829BC98C500001678 /* Debug */,
				4C44C33929BC98C500001678 /* Release */,
			);
			defaultConfigurationIsVisible = 0;
			defaultConfigurationName = Release;
		};
/* End XCConfigurationList section */
	};
	rootObject = 4C44C32129BC98C300001678 /* Project object */;
}
